
Microsoft Visual Studio Solution File, Format Version 12.00
# Visual Studio Version 17
VisualStudioVersion = 17.5.33502.453
MinimumVisualStudioVersion = 10.0.40219.1
Project("{9A19103F-16F7-4668-BE54-9A1E7A4F7556}") = "FarmCentral.Client", "Client\FarmCentral.Client.csproj", "{8DDB307E-A119-435B-9C67-5BCDFAD526FC}"
EndProject
Project("{9A19103F-16F7-4668-BE54-9A1E7A4F7556}") = "FarmCentral.Server", "Server\FarmCentral.Server.csproj", "{5FE8E97E-3E23-4FE7-B319-C87A2FB5A2D7}"
EndProject
Project("{9A19103F-16F7-4668-BE54-9A1E7A4F7556}") = "FarmCentral.Shared", "Shared\FarmCentral.Shared.csproj", "{21F83613-F9C0-4A84-896A-BBD39F622F39}"
EndProject
Global
	GlobalSection(SolutionConfigurationPlatforms) = preSolution
		Debug|Any CPU = Debug|Any CPU
		Release|Any CPU = Release|Any CPU
	EndGlobalSection
	GlobalSection(ProjectConfigurationPlatforms) = postSolution
		{8DDB307E-A119-435B-9C67-5BCDFAD526FC}.Debug|Any CPU.ActiveCfg = Debug|Any CPU
		{8DDB307E-A119-435B-9C67-5BCDFAD526FC}.Debug|Any CPU.Build.0 = Debug|Any CPU
		{8DDB307E-A119-435B-9C67-5BCDFAD526FC}.Release|Any CPU.ActiveCfg = Release|Any CPU
		{8DDB307E-A119-435B-9C67-5BCDFAD526FC}.Release|Any CPU.Build.0 = Release|Any CPU
		{5FE8E97E-3E23-4FE7-B319-C87A2FB5A2D7}.Debug|Any CPU.ActiveCfg = Debug|Any CPU
		{5FE8E97E-3E23-4FE7-B319-C87A2FB5A2D7}.Debug|Any CPU.Build.0 = Debug|Any CPU
		{5FE8E97E-3E23-4FE7-B319-C87A2FB5A2D7}.Release|Any CPU.ActiveCfg = Release|Any CPU
		{5FE8E97E-3E23-4FE7-B319-C87A2FB5A2D7}.Release|Any CPU.Build.0 = Release|Any CPU
		{21F83613-F9C0-4A84-896A-BBD39F622F39}.Debug|Any CPU.ActiveCfg = Debug|Any CPU
		{21F83613-F9C0-4A84-896A-BBD39F622F39}.Debug|Any CPU.Build.0 = Debug|Any CPU
		{21F83613-F9C0-4A84-896A-BBD39F622F39}.Release|Any CPU.ActiveCfg = Release|Any CPU
		{21F83613-F9C0-4A84-896A-BBD39F622F39}.Release|Any CPU.Build.0 = Release|Any CPU
	EndGlobalSection
	GlobalSection(SolutionProperties) = preSolution
		HideSolutionNode = FALSE
	EndGlobalSection
	GlobalSection(ExtensibilityGlobals) = postSolution
		SolutionGuid = {1D94F567-F3A2-47E1-B12C-C772825DD548}
	EndGlobalSection
EndGlobal
